// !$*UTF8*$!
{
	archiveVersion = 1;
	classes = {
	};
	objectVersion = 46;
	objects = {

/* Begin PBXBuildFile section */
		941693BB18C03885008F64B7 /* muhfront.png in Resources */ = {isa = PBXBuildFile; fileRef = 941693BA18C03885008F64B7 /* muhfront.png */; };
		946445BB18C0094A0033E5F0 /* Foundation.framework in Frameworks */ = {isa = PBXBuildFile; fileRef = 946445BA18C0094A0033E5F0 /* Foundation.framework */; };
		946445BD18C0094A0033E5F0 /* CoreGraphics.framework in Frameworks */ = {isa = PBXBuildFile; fileRef = 946445BC18C0094A0033E5F0 /* CoreGraphics.framework */; };
		946445BF18C0094A0033E5F0 /* UIKit.framework in Frameworks */ = {isa = PBXBuildFile; fileRef = 946445BE18C0094A0033E5F0 /* UIKit.framework */; };
		946445C518C0094A0033E5F0 /* InfoPlist.strings in Resources */ = {isa = PBXBuildFile; fileRef = 946445C318C0094A0033E5F0 /* InfoPlist.strings */; };
		946445C718C0094A0033E5F0 /* main.m in Sources */ = {isa = PBXBuildFile; fileRef = 946445C618C0094A0033E5F0 /* main.m */; };
		946445CB18C0094A0033E5F0 /* Test1bAppDelegate.m in Sources */ = {isa = PBXBuildFile; fileRef = 946445CA18C0094A0033E5F0 /* Test1bAppDelegate.m */; };
		946445CE18C0094A0033E5F0 /* Main.storyboard in Resources */ = {isa = PBXBuildFile; fileRef = 946445CC18C0094A0033E5F0 /* Main.storyboard */; };
		946445D118C0094A0033E5F0 /* Test1bViewController.m in Sources */ = {isa = PBXBuildFile; fileRef = 946445D018C0094A0033E5F0 /* Test1bViewController.m */; };
		946445D318C0094A0033E5F0 /* Images.xcassets in Resources */ = {isa = PBXBuildFile; fileRef = 946445D218C0094A0033E5F0 /* Images.xcassets */; };
		946445DA18C0094A0033E5F0 /* XCTest.framework in Frameworks */ = {isa = PBXBuildFile; fileRef = 946445D918C0094A0033E5F0 /* XCTest.framework */; };
		946445DB18C0094B0033E5F0 /* Foundation.framework in Frameworks */ = {isa = PBXBuildFile; fileRef = 946445BA18C0094A0033E5F0 /* Foundation.framework */; };
		946445DC18C0094B0033E5F0 /* UIKit.framework in Frameworks */ = {isa = PBXBuildFile; fileRef = 946445BE18C0094A0033E5F0 /* UIKit.framework */; };
		946445E418C0094B0033E5F0 /* InfoPlist.strings in Resources */ = {isa = PBXBuildFile; fileRef = 946445E218C0094B0033E5F0 /* InfoPlist.strings */; };
		946445E618C0094B0033E5F0 /* Test1bTests.m in Sources */ = {isa = PBXBuildFile; fileRef = 946445E518C0094B0033E5F0 /* Test1bTests.m */; };
		946445F118C009E50033E5F0 /* PlayingCard.m in Sources */ = {isa = PBXBuildFile; fileRef = 946445F018C009E50033E5F0 /* PlayingCard.m */; };
		9464463818C015A00033E5F0 /* PlayingCardDeck.m in Sources */ = {isa = PBXBuildFile; fileRef = 9464463718C015A00033E5F0 /* PlayingCardDeck.m */; };
		9464463B18C015FE0033E5F0 /* Deck.m in Sources */ = {isa = PBXBuildFile; fileRef = 9464463A18C015FE0033E5F0 /* Deck.m */; };
		9464463E18C016350033E5F0 /* Card.m in Sources */ = {isa = PBXBuildFile; fileRef = 9464463D18C016350033E5F0 /* Card.m */; };
		9464464118C017D90033E5F0 /* CardMatchingGame.m in Sources */ = {isa = PBXBuildFile; fileRef = 9464464018C017D90033E5F0 /* CardMatchingGame.m */; };
		9464464318C01A520033E5F0 /* muhback.png in Resources */ = {isa = PBXBuildFile; fileRef = 9464464218C01A520033E5F0 /* muhback.png */; };
/* End PBXBuildFile section */

/* Begin PBXContainerItemProxy section */
		946445DD18C0094B0033E5F0 /* PBXContainerItemProxy */ = {
			isa = PBXContainerItemProxy;
			containerPortal = 946445AF18C0094A0033E5F0 /* Project object */;
			proxyType = 1;
			remoteGlobalIDString = 946445B618C0094A0033E5F0;
			remoteInfo = Test1b;
		};
/* End PBXContainerItemProxy section */

/* Begin PBXFileReference section */
		941693BA18C03885008F64B7 /* muhfront.png */ = {isa = PBXFileReference; lastKnownFileType = image.png; path = muhfront.png; sourceTree = "<group>"; };
		946445B718C0094A0033E5F0 /* Test1b.app */ = {isa = PBXFileReference; explicitFileType = wrapper.application; includeInIndex = 0; path = Test1b.app; sourceTree = BUILT_PRODUCTS_DIR; };
		946445BA18C0094A0033E5F0 /* Foundation.framework */ = {isa = PBXFileReference; lastKnownFileType = wrapper.framework; name = Foundation.framework; path = System/Library/Frameworks/Foundation.framework; sourceTree = SDKROOT; };
		946445BC18C0094A0033E5F0 /* CoreGraphics.framework */ = {isa = PBXFileReference; lastKnownFileType = wrapper.framework; name = CoreGraphics.framework; path = System/Library/Frameworks/CoreGraphics.framework; sourceTree = SDKROOT; };
		946445BE18C0094A0033E5F0 /* UIKit.framework */ = {isa = PBXFileReference; lastKnownFileType = wrapper.framework; name = UIKit.framework; path = System/Library/Frameworks/UIKit.framework; sourceTree = SDKROOT; };
		946445C218C0094A0033E5F0 /* Test1b-Info.plist */ = {isa = PBXFileReference; lastKnownFileType = text.plist.xml; path = "Test1b-Info.plist"; sourceTree = "<group>"; };
		946445C418C0094A0033E5F0 /* en */ = {isa = PBXFileReference; lastKnownFileType = text.plist.strings; name = en; path = en.lproj/InfoPlist.strings; sourceTree = "<group>"; };
		946445C618C0094A0033E5F0 /* main.m */ = {isa = PBXFileReference; lastKnownFileType = sourcecode.c.objc; path = main.m; sourceTree = "<group>"; };
		946445C818C0094A0033E5F0 /* Test1b-Prefix.pch */ = {isa = PBXFileReference; lastKnownFileType = sourcecode.c.h; path = "Test1b-Prefix.pch"; sourceTree = "<group>"; };
		946445C918C0094A0033E5F0 /* Test1bAppDelegate.h */ = {isa = PBXFileReference; lastKnownFileType = sourcecode.c.h; path = Test1bAppDelegate.h; sourceTree = "<group>"; };
		946445CA18C0094A0033E5F0 /* Test1bAppDelegate.m */ = {isa = PBXFileReference; lastKnownFileType = sourcecode.c.objc; path = Test1bAppDelegate.m; sourceTree = "<group>"; };
		946445CD18C0094A0033E5F0 /* Base */ = {isa = PBXFileReference; lastKnownFileType = file.storyboard; name = Base; path = Base.lproj/Main.storyboard; sourceTree = "<group>"; };
		946445CF18C0094A0033E5F0 /* Test1bViewController.h */ = {isa = PBXFileReference; lastKnownFileType = sourcecode.c.h; path = Test1bViewController.h; sourceTree = "<group>"; };
		946445D018C0094A0033E5F0 /* Test1bViewController.m */ = {isa = PBXFileReference; lastKnownFileType = sourcecode.c.objc; path = Test1bViewController.m; sourceTree = "<group>"; };
		946445D218C0094A0033E5F0 /* Images.xcassets */ = {isa = PBXFileReference; lastKnownFileType = folder.assetcatalog; path = Images.xcassets; sourceTree = "<group>"; };
		946445D818C0094A0033E5F0 /* Test1bTests.xctest */ = {isa = PBXFileReference; explicitFileType = wrapper.cfbundle; includeInIndex = 0; path = Test1bTests.xctest; sourceTree = BUILT_PRODUCTS_DIR; };
		946445D918C0094A0033E5F0 /* XCTest.framework */ = {isa = PBXFileReference; lastKnownFileType = wrapper.framework; name = XCTest.framework; path = Library/Frameworks/XCTest.framework; sourceTree = DEVELOPER_DIR; };
		946445E118C0094B0033E5F0 /* Test1bTests-Info.plist */ = {isa = PBXFileReference; lastKnownFileType = text.plist.xml; path = "Test1bTests-Info.plist"; sourceTree = "<group>"; };
		946445E318C0094B0033E5F0 /* en */ = {isa = PBXFileReference; lastKnownFileType = text.plist.strings; name = en; path = en.lproj/InfoPlist.strings; sourceTree = "<group>"; };
		946445E518C0094B0033E5F0 /* Test1bTests.m */ = {isa = PBXFileReference; lastKnownFileType = sourcecode.c.objc; path = Test1bTests.m; sourceTree = "<group>"; };
		946445EF18C009E50033E5F0 /* PlayingCard.h */ = {isa = PBXFileReference; fileEncoding = 4; lastKnownFileType = sourcecode.c.h; path = PlayingCard.h; sourceTree = "<group>"; };
		946445F018C009E50033E5F0 /* PlayingCard.m */ = {isa = PBXFileReference; fileEncoding = 4; lastKnownFileType = sourcecode.c.objc; path = PlayingCard.m; sourceTree = "<group>"; };
		9464463618C015A00033E5F0 /* PlayingCardDeck.h */ = {isa = PBXFileReference; fileEncoding = 4; lastKnownFileType = sourcecode.c.h; path = PlayingCardDeck.h; sourceTree = "<group>"; };
		9464463718C015A00033E5F0 /* PlayingCardDeck.m */ = {isa = PBXFileReference; fileEncoding = 4; lastKnownFileType = sourcecode.c.objc; path = PlayingCardDeck.m; sourceTree = "<group>"; };
		9464463918C015FE0033E5F0 /* Deck.h */ = {isa = PBXFileReference; fileEncoding = 4; lastKnownFileType = sourcecode.c.h; path = Deck.h; sourceTree = "<group>"; };
		9464463A18C015FE0033E5F0 /* Deck.m */ = {isa = PBXFileReference; fileEncoding = 4; lastKnownFileType = sourcecode.c.objc; path = Deck.m; sourceTree = "<group>"; };
		9464463C18C016350033E5F0 /* Card.h */ = {isa = PBXFileReference; fileEncoding = 4; lastKnownFileType = sourcecode.c.h; path = Card.h; sourceTree = "<group>"; };
		9464463D18C016350033E5F0 /* Card.m */ = {isa = PBXFileReference; fileEncoding = 4; lastKnownFileType = sourcecode.c.objc; path = Card.m; sourceTree = "<group>"; };
		9464463F18C017D90033E5F0 /* CardMatchingGame.h */ = {isa = PBXFileReference; fileEncoding = 4; lastKnownFileType = sourcecode.c.h; path = CardMatchingGame.h; sourceTree = "<group>"; };
		9464464018C017D90033E5F0 /* CardMatchingGame.m */ = {isa = PBXFileReference; fileEncoding = 4; lastKnownFileType = sourcecode.c.objc; path = CardMatchingGame.m; sourceTree = "<group>"; };
		9464464218C01A520033E5F0 /* muhback.png */ = {isa = PBXFileReference; lastKnownFileType = image.png; path = muhback.png; sourceTree = "<group>"; };
/* End PBXFileReference section */

/* Begin PBXFrameworksBuildPhase section */
		946445B418C0094A0033E5F0 /* Frameworks */ = {
			isa = PBXFrameworksBuildPhase;
			buildActionMask = 2147483647;
			files = (
				946445BD18C0094A0033E5F0 /* CoreGraphics.framework in Frameworks */,
				946445BF18C0094A0033E5F0 /* UIKit.framework in Frameworks */,
				946445BB18C0094A0033E5F0 /* Foundation.framework in Frameworks */,
			);
			runOnlyForDeploymentPostprocessing = 0;
		};
		946445D518C0094A0033E5F0 /* Frameworks */ = {
			isa = PBXFrameworksBuildPhase;
			buildActionMask = 2147483647;
			files = (
				946445DA18C0094A0033E5F0 /* XCTest.framework in Frameworks */,
				946445DC18C0094B0033E5F0 /* UIKit.framework in Frameworks */,
				946445DB18C0094B0033E5F0 /* Foundation.framework in Frameworks */,
			);
			runOnlyForDeploymentPostprocessing = 0;
		};
/* End PBXFrameworksBuildPhase section */

/* Begin PBXGroup section */
		946445AE18C0094A0033E5F0 = {
			isa = PBXGroup;
			children = (
				946445C018C0094A0033E5F0 /* Test1b */,
				946445DF18C0094B0033E5F0 /* Test1bTests */,
				946445B918C0094A0033E5F0 /* Frameworks */,
				946445B818C0094A0033E5F0 /* Products */,
			);
			sourceTree = "<group>";
		};
		946445B818C0094A0033E5F0 /* Products */ = {
			isa = PBXGroup;
			children = (
				946445B718C0094A0033E5F0 /* Test1b.app */,
				946445D818C0094A0033E5F0 /* Test1bTests.xctest */,
			);
			name = Products;
			sourceTree = "<group>";
		};
		946445B918C0094A0033E5F0 /* Frameworks */ = {
			isa = PBXGroup;
			children = (
				946445BA18C0094A0033E5F0 /* Foundation.framework */,
				946445BC18C0094A0033E5F0 /* CoreGraphics.framework */,
				946445BE18C0094A0033E5F0 /* UIKit.framework */,
				946445D918C0094A0033E5F0 /* XCTest.framework */,
			);
			name = Frameworks;
			sourceTree = "<group>";
		};
		946445C018C0094A0033E5F0 /* Test1b */ = {
			isa = PBXGroup;
			children = (
				946445CF18C0094A0033E5F0 /* Test1bViewController.h */,
				946445D018C0094A0033E5F0 /* Test1bViewController.m */,
				946445CC18C0094A0033E5F0 /* Main.storyboard */,
				9464463C18C016350033E5F0 /* Card.h */,
				9464463D18C016350033E5F0 /* Card.m */,
				9464463918C015FE0033E5F0 /* Deck.h */,
				9464463A18C015FE0033E5F0 /* Deck.m */,
				946445EF18C009E50033E5F0 /* PlayingCard.h */,
				946445F018C009E50033E5F0 /* PlayingCard.m */,
				9464463618C015A00033E5F0 /* PlayingCardDeck.h */,
				9464463718C015A00033E5F0 /* PlayingCardDeck.m */,
				9464463F18C017D90033E5F0 /* CardMatchingGame.h */,
				9464464018C017D90033E5F0 /* CardMatchingGame.m */,
				946445D218C0094A0033E5F0 /* Images.xcassets */,
				946445C118C0094A0033E5F0 /* Supporting Files */,
			);
			path = Test1b;
			sourceTree = "<group>";
		};
		946445C118C0094A0033E5F0 /* Supporting Files */ = {
			isa = PBXGroup;
			children = (
				941693BA18C03885008F64B7 /* muhfront.png */,
				9464464218C01A520033E5F0 /* muhback.png */,
				946445C918C0094A0033E5F0 /* Test1bAppDelegate.h */,
				946445CA18C0094A0033E5F0 /* Test1bAppDelegate.m */,
				946445C218C0094A0033E5F0 /* Test1b-Info.plist */,
				946445C318C0094A0033E5F0 /* InfoPlist.strings */,
				946445C618C0094A0033E5F0 /* main.m */,
				946445C818C0094A0033E5F0 /* Test1b-Prefix.pch */,
			);
			name = "Supporting Files";
			sourceTree = "<group>";
		};
		946445DF18C0094B0033E5F0 /* Test1bTests */ = {
			isa = PBXGroup;
			children = (
				946445E518C0094B0033E5F0 /* Test1bTests.m */,
				946445E018C0094B0033E5F0 /* Supporting Files */,
			);
			path = Test1bTests;
			sourceTree = "<group>";
		};
		946445E018C0094B0033E5F0 /* Supporting Files */ = {
			isa = PBXGroup;
			children = (
				946445E118C0094B0033E5F0 /* Test1bTests-Info.plist */,
				946445E218C0094B0033E5F0 /* InfoPlist.strings */,
			);
			name = "Supporting Files";
			sourceTree = "<group>";
		};
/* End PBXGroup section */

/* Begin PBXNativeTarget section */
		946445B618C0094A0033E5F0 /* Test1b */ = {
			isa = PBXNativeTarget;
			buildConfigurationList = 946445E918C0094B0033E5F0 /* Build configuration list for PBXNativeTarget "Test1b" */;
			buildPhases = (
				946445B318C0094A0033E5F0 /* Sources */,
				946445B418C0094A0033E5F0 /* Frameworks */,
				946445B518C0094A0033E5F0 /* Resources */,
			);
			buildRules = (
			);
			dependencies = (
			);
			name = Test1b;
			productName = Test1b;
			productReference = 946445B718C0094A0033E5F0 /* Test1b.app */;
			productType = "com.apple.product-type.application";
		};
		946445D718C0094A0033E5F0 /* Test1bTests */ = {
			isa = PBXNativeTarget;
			buildConfigurationList = 946445EC18C0094B0033E5F0 /* Build configuration list for PBXNativeTarget "Test1bTests" */;
			buildPhases = (
				946445D418C0094A0033E5F0 /* Sources */,
				946445D518C0094A0033E5F0 /* Frameworks */,
				946445D618C0094A0033E5F0 /* Resources */,
			);
			buildRules = (
			);
			dependencies = (
				946445DE18C0094B0033E5F0 /* PBXTargetDependency */,
			);
			name = Test1bTests;
			productName = Test1bTests;
			productReference = 946445D818C0094A0033E5F0 /* Test1bTests.xctest */;
			productType = "com.apple.product-type.bundle.unit-test";
		};
/* End PBXNativeTarget section */

/* Begin PBXProject section */
		946445AF18C0094A0033E5F0 /* Project object */ = {
			isa = PBXProject;
			attributes = {
				CLASSPREFIX = Test1b;
				LastUpgradeCheck = 0500;
				ORGANIZATIONNAME = Ryan;
				TargetAttributes = {
					946445D718C0094A0033E5F0 = {
						TestTargetID = 946445B618C0094A0033E5F0;
					};
				};
			};
			buildConfigurationList = 946445B218C0094A0033E5F0 /* Build configuration list for PBXProject "Test1b" */;
			compatibilityVersion = "Xcode 3.2";
			developmentRegion = English;
			hasScannedForEncodings = 0;
			knownRegions = (
				en,
				Base,
			);
			mainGroup = 946445AE18C0094A0033E5F0;
			productRefGroup = 946445B818C0094A0033E5F0 /* Products */;
			projectDirPath = "";
			projectRoot = "";
			targets = (
				946445B618C0094A0033E5F0 /* Test1b */,
				946445D718C0094A0033E5F0 /* Test1bTests */,
			);
		};
/* End PBXProject section */

/* Begin PBXResourcesBuildPhase section */
		946445B518C0094A0033E5F0 /* Resources */ = {
			isa = PBXResourcesBuildPhase;
			buildActionMask = 2147483647;
			files = (
				946445D318C0094A0033E5F0 /* Images.xcassets in Resources */,
				9464464318C01A520033E5F0 /* muhback.png in Resources */,
				946445C518C0094A0033E5F0 /* InfoPlist.strings in Resources */,
				946445CE18C0094A0033E5F0 /* Main.storyboard in Resources */,
				941693BB18C03885008F64B7 /* muhfront.png in Resources */,
			);
			runOnlyForDeploymentPostprocessing = 0;
		};
		946445D618C0094A0033E5F0 /* Resources */ = {
			isa = PBXResourcesBuildPhase;
			buildActionMask = 2147483647;
			files = (
				946445E418C0094B0033E5F0 /* InfoPlist.strings in Resources */,
			);
			runOnlyForDeploymentPostprocessing = 0;
		};
/* End PBXResourcesBuildPhase section */

/* Begin PBXSourcesBuildPhase section */
		946445B318C0094A0033E5F0 /* Sources */ = {
			isa = PBXSourcesBuildPhase;
			buildActionMask = 2147483647;
			files = (
				9464463818C015A00033E5F0 /* PlayingCardDeck.m in Sources */,
				946445C718C0094A0033E5F0 /* main.m in Sources */,
				946445F118C009E50033E5F0 /* PlayingCard.m in Sources */,
				946445D118C0094A0033E5F0 /* Test1bViewController.m in Sources */,
				9464464118C017D90033E5F0 /* CardMatchingGame.m in Sources */,
				9464463B18C015FE0033E5F0 /* Deck.m in Sources */,
				9464463E18C016350033E5F0 /* Card.m in Sources */,
				946445CB18C0094A0033E5F0 /* Test1bAppDelegate.m in Sources */,
			);
			runOnlyForDeploymentPostprocessing = 0;
		};
		946445D418C0094A0033E5F0 /* Sources */ = {
			isa = PBXSourcesBuildPhase;
			buildActionMask = 2147483647;
			files = (
				946445E618C0094B0033E5F0 /* Test1bTests.m in Sources */,
			);
			runOnlyForDeploymentPostprocessing = 0;
		};
/* End PBXSourcesBuildPhase section */

/* Begin PBXTargetDependency section */
		946445DE18C0094B0033E5F0 /* PBXTargetDependency */ = {
			isa = PBXTargetDependency;
			target = 946445B618C0094A0033E5F0 /* Test1b */;
			targetProxy = 946445DD18C0094B0033E5F0 /* PBXContainerItemProxy */;
		};
/* End PBXTargetDependency section */

/* Begin PBXVariantGroup section */
		946445C318C0094A0033E5F0 /* InfoPlist.strings */ = {
			isa = PBXVariantGroup;
			children = (
				946445C418C0094A0033E5F0 /* en */,
			);
			name = InfoPlist.strings;
			sourceTree = "<group>";
		};
		946445CC18C0094A0033E5F0 /* Main.storyboard */ = {
			isa = PBXVariantGroup;
			children = (
				946445CD18C0094A0033E5F0 /* Base */,
			);
			name = Main.storyboard;
			sourceTree = "<group>";
		};
		946445E218C0094B0033E5F0 /* InfoPlist.strings */ = {
			isa = PBXVariantGroup;
			children = (
				946445E318C0094B0033E5F0 /* en */,
			);
			name = InfoPlist.strings;
			sourceTree = "<group>";
		};
/* End PBXVariantGroup section */

/* Begin XCBuildConfiguration section */
		946445E718C0094B0033E5F0 /* Debug */ = {
			isa = XCBuildConfiguration;
			buildSettings = {
				ALWAYS_SEARCH_USER_PATHS = NO;
				ARCHS = "$(ARCHS_STANDARD_INCLUDING_64_BIT)";
				CLANG_CXX_LANGUAGE_STANDARD = "gnu++0x";
				CLANG_CXX_LIBRARY = "libc++";
				CLANG_ENABLE_MODULES = YES;
				CLANG_ENABLE_OBJC_ARC = YES;
				CLANG_WARN_BOOL_CONVERSION = YES;
				CLANG_WARN_CONSTANT_CONVERSION = YES;
				CLANG_WARN_DIRECT_OBJC_ISA_USAGE = YES_ERROR;
				CLANG_WARN_EMPTY_BODY = YES;
				CLANG_WARN_ENUM_CONVERSION = YES;
				CLANG_WARN_INT_CONVERSION = YES;
				CLANG_WARN_OBJC_ROOT_CLASS = YES_ERROR;
				CLANG_WARN__DUPLICATE_METHOD_MATCH = YES;
				"CODE_SIGN_IDENTITY[sdk=iphoneos*]" = "iPhone Developer";
				COPY_PHASE_STRIP = NO;
				GCC_C_LANGUAGE_STANDARD = gnu99;
				GCC_DYNAMIC_NO_PIC = NO;
				GCC_OPTIMIZATION_LEVEL = 0;
				GCC_PREPROCESSOR_DEFINITIONS = (
					"DEBUG=1",
					"$(inherited)",
				);
				GCC_SYMBOLS_PRIVATE_EXTERN = NO;
				GCC_WARN_64_TO_32_BIT_CONVERSION = YES;
				GCC_WARN_ABOUT_RETURN_TYPE = YES_ERROR;
				GCC_WARN_UNDECLARED_SELECTOR = YES;
				GCC_WARN_UNINITIALIZED_AUTOS = YES;
				GCC_WARN_UNUSED_FUNCTION = YES;
				GCC_WARN_UNUSED_VARIABLE = YES;
				IPHONEOS_DEPLOYMENT_TARGET = 7.0;
				ONLY_ACTIVE_ARCH = YES;
				SDKROOT = iphoneos;
			};
			name = Debug;
		};
		946445E818C0094B0033E5F0 /* Release */ = {
			isa = XCBuildConfiguration;
			buildSettings = {
				ALWAYS_SEARCH_USER_PATHS = NO;
				ARCHS = "$(ARCHS_STANDARD_INCLUDING_64_BIT)";
				CLANG_CXX_LANGUAGE_STANDARD = "gnu++0x";
				CLANG_CXX_LIBRARY = "libc++";
				CLANG_ENABLE_MODULES = YES;
				CLANG_ENABLE_OBJC_ARC = YES;
				CLANG_WARN_BOOL_CONVERSION = YES;
				CLANG_WARN_CONSTANT_CONVERSION = YES;
				CLANG_WARN_DIRECT_OBJC_ISA_USAGE = YES_ERROR;
				CLANG_WARN_EMPTY_BODY = YES;
				CLANG_WARN_ENUM_CONVERSION = YES;
				CLANG_WARN_INT_CONVERSION = YES;
				CLANG_WARN_OBJC_ROOT_CLASS = YES_ERROR;
				CLANG_WARN__DUPLICATE_METHOD_MATCH = YES;
				"CODE_SIGN_IDENTITY[sdk=iphoneos*]" = "iPhone Developer";
				COPY_PHASE_STRIP = YES;
				ENABLE_NS_ASSERTIONS = NO;
				GCC_C_LANGUAGE_STANDARD = gnu99;
				GCC_WARN_64_TO_32_BIT_CONVERSION = YES;
				GCC_WARN_ABOUT_RETURN_TYPE = YES_ERROR;
				GCC_WARN_UNDECLARED_SELECTOR = YES;
				GCC_WARN_UNINITIALIZED_AUTOS = YES;
				GCC_WARN_UNUSED_FUNCTION = YES;
				GCC_WARN_UNUSED_VARIABLE = YES;
				IPHONEOS_DEPLOYMENT_TARGET = 7.0;
				SDKROOT = iphoneos;
				VALIDATE_PRODUCT = YES;
			};
			name = Release;
		};
		946445EA18C0094B0033E5F0 /* Debug */ = {
			isa = XCBuildConfiguration;
			buildSettings = {
				ASSETCATALOG_COMPILER_APPICON_NAME = AppIcon;
				ASSETCATALOG_COMPILER_LAUNCHIMAGE_NAME = LaunchImage;
				GCC_PRECOMPILE_PREFIX_HEADER = YES;
				GCC_PREFIX_HEADER = "Test1b/Test1b-Prefix.pch";
				INFOPLIST_FILE = "Test1b/Test1b-Info.plist";
				PRODUCT_NAME = "$(TARGET_NAME)";
				WRAPPER_EXTENSION = app;
			};
			name = Debug;
		};
		946445EB18C0094B0033E5F0 /* Release */ = {
			isa = XCBuildConfiguration;
			buildSettings = {
				ASSETCATALOG_COMPILER_APPICON_NAME = AppIcon;
				ASSETCATALOG_COMPILER_LAUNCHIMAGE_NAME = LaunchImage;
				GCC_PRECOMPILE_PREFIX_HEADER = YES;
				GCC_PREFIX_HEADER = "Test1b/Test1b-Prefix.pch";
				INFOPLIST_FILE = "Test1b/Test1b-Info.plist";
				PRODUCT_NAME = "$(TARGET_NAME)";
				WRAPPER_EXTENSION = app;
			};
			name = Release;
		};
		946445ED18C0094B0033E5F0 /* Debug */ = {
			isa = XCBuildConfiguration;
			buildSettings = {
				ARCHS = "$(ARCHS_STANDARD_INCLUDING_64_BIT)";
				BUNDLE_LOADER = "$(BUILT_PRODUCTS_DIR)/Test1b.app/Test1b";
				FRAMEWORK_SEARCH_PATHS = (
					"$(SDKROOT)/Developer/Library/Frameworks",
					"$(inherited)",
					"$(DEVELOPER_FRAMEWORKS_DIR)",
				);
				GCC_PRECOMPILE_PREFIX_HEADER = YES;
				GCC_PREFIX_HEADER = "Test1b/Test1b-Prefix.pch";
				GCC_PREPROCESSOR_DEFINITIONS = (
					"DEBUG=1",
					"$(inherited)",
				);
				INFOPLIST_FILE = "Test1bTests/Test1bTests-Info.plist";
				PRODUCT_NAME = "$(TARGET_NAME)";
				TEST_HOST = "$(BUNDLE_LOADER)";
				WRAPPER_EXTENSION = xctest;
			};
			name = Debug;
		};
		946445EE18C0094B0033E5F0 /* Release */ = {
			isa = XCBuildConfiguration;
			buildSettings = {
				ARCHS = "$(ARCHS_STANDARD_INCLUDING_64_BIT)";
				BUNDLE_LOADER = "$(BUILT_PRODUCTS_DIR)/Test1b.app/Test1b";
				FRAMEWORK_SEARCH_PATHS = (
					"$(SDKROOT)/Developer/Library/Frameworks",
					"$(inherited)",
					"$(DEVELOPER_FRAMEWORKS_DIR)",
				);
				GCC_PRECOMPILE_PREFIX_HEADER = YES;
				GCC_PREFIX_HEADER = "Test1b/Test1b-Prefix.pch";
				INFOPLIST_FILE = "Test1bTests/Test1bTests-Info.plist";
				PRODUCT_NAME = "$(TARGET_NAME)";
				TEST_HOST = "$(BUNDLE_LOADER)";
				WRAPPER_EXTENSION = xctest;
			};
			name = Release;
		};
/* End XCBuildConfiguration section */

/* Begin XCConfigurationList section */
		946445B218C0094A0033E5F0 /* Build configuration list for PBXProject "Test1b" */ = {
			isa = XCConfigurationList;
			buildConfigurations = (
				946445E718C0094B0033E5F0 /* Debug */,
				946445E818C0094B0033E5F0 /* Release */,
			);
			defaultConfigurationIsVisible = 0;
			defaultConfigurationName = Release;
		};
		946445E918C0094B0033E5F0 /* Build configuration list for PBXNativeTarget "Test1b" */ = {
			isa = XCConfigurationList;
			buildConfigurations = (
				946445EA18C0094B0033E5F0 /* Debug */,
				946445EB18C0094B0033E5F0 /* Release */,
			);
			defaultConfigurationIsVisible = 0;
			defaultConfigurationName = Release;
		};
		946445EC18C0094B0033E5F0 /* Build configuration list for PBXNativeTarget "Test1bTests" */ = {
			isa = XCConfigurationList;
			buildConfigurations = (
				946445ED18C0094B0033E5F0 /* Debug */,
				946445EE18C0094B0033E5F0 /* Release */,
			);
			defaultConfigurationIsVisible = 0;
			defaultConfigurationName = Release;
		};
/* End XCConfigurationList section */
	};
	rootObject = 946445AF18C0094A0033E5F0 /* Project object */;
}
